
Microsoft Visual Studio Solution File, Format Version 12.00
# Visual Studio Version 17
VisualStudioVersion = 17.5.33627.172
MinimumVisualStudioVersion = 10.0.40219.1
Project("{FAE04EC0-301F-11D3-BF4B-00C04F79EFBC}") = "CourseWork", "CourseWork.csproj", "{F6946C71-53D6-4A7B-8B2E-C3540BA1D523}"
EndProject
Global
	GlobalSection(SolutionConfigurationPlatforms) = preSolution
		Debug|Any CPU = Debug|Any CPU
		Release|Any CPU = Release|Any CPU
	EndGlobalSection
	GlobalSection(ProjectConfigurationPlatforms) = postSolution
		{F6946C71-53D6-4A7B-8B2E-C3540BA1D523}.Debug|Any CPU.ActiveCfg = Debug|Any CPU
		{F6946C71-53D6-4A7B-8B2E-C3540BA1D523}.Debug|Any CPU.Build.0 = Debug|Any CPU
		{F6946C71-53D6-4A7B-8B2E-C3540BA1D523}.Release|Any CPU.ActiveCfg = Release|Any CPU
		{F6946C71-53D6-4A7B-8B2E-C3540BA1D523}.Release|Any CPU.Build.0 = Release|Any CPU
	EndGlobalSection
	GlobalSection(SolutionProperties) = preSolution
		HideSolutionNode = FALSE
	EndGlobalSection
	GlobalSection(ExtensibilityGlobals) = postSolution
		SolutionGuid = {B04F5AEC-99F4-47C7-ABB1-7BC61E8D1C52}
	EndGlobalSection
EndGlobal
